
Microsoft Visual Studio Solution File, Format Version 12.00
# Visual Studio Version 16
VisualStudioVersion = 16.0.30104.148
MinimumVisualStudioVersion = 10.0.40219.1
Project("{FAE04EC0-301F-11D3-BF4B-00C04F79EFBC}") = "PizzaPlace", "PizzaPlace\PizzaPlace.csproj", "{14E8DE46-8562-4339-8BF1-97B1E7377353}"
EndProject
Global
	GlobalSection(SolutionConfigurationPlatforms) = preSolution
		Debug|Any CPU = Debug|Any CPU
		Release|Any CPU = Release|Any CPU
	EndGlobalSection
	GlobalSection(ProjectConfigurationPlatforms) = postSolution
		{14E8DE46-8562-4339-8BF1-97B1E7377353}.Debug|Any CPU.ActiveCfg = Debug|Any CPU
		{14E8DE46-8562-4339-8BF1-97B1E7377353}.Debug|Any CPU.Build.0 = Debug|Any CPU
		{14E8DE46-8562-4339-8BF1-97B1E7377353}.Release|Any CPU.ActiveCfg = Release|Any CPU
		{14E8DE46-8562-4339-8BF1-97B1E7377353}.Release|Any CPU.Build.0 = Release|Any CPU
	EndGlobalSection
	GlobalSection(SolutionProperties) = preSolution
		HideSolutionNode = FALSE
	EndGlobalSection
	GlobalSection(ExtensibilityGlobals) = postSolution
		SolutionGuid = {FE381352-95EF-42E2-B92B-7F2B55B19538}
	EndGlobalSection
EndGlobal
